{
  "name": "ffmpeg",
  "version": "1.0.0",
  "lockfileVersion": 1,
  "requires": true,
  "dependencies": {
    "ffmpeg.js": {
      "version": "4.2.9003",
      "resolved": "https://registry.npm.taobao.org/ffmpeg.js/download/ffmpeg.js-4.2.9003.tgz",
      "integrity": "sha1-OpfVPDXq7lwnzX0O33xXzOxKBZ0=",
      "dev": true
    }
  }
}
